{
  "version": 4,
  "terraform_version": "1.14.7",
  "serial": 275,
  "lineage": "69516034-aa89-327c-b9dc-d3acade8fdcf",
  "outputs": {},
  "resources": [
    {
      "mode": "managed",
      "type": "aws_key_pair",
      "name": "hpc_key",
      "provider": "provider[\"registry.terraform.io/hashicorp/aws\"]",
      "instances": [
        {
          "schema_version": 1,
          "attributes": {
            "arn": "arn:aws:ec2:us-east-1:728035103044:key-pair/titan-non-prod-key",
            "fingerprint": "lPBb6j5TAAMBeHzew4BmsJr+ivkmXooMJIE0zQCWx7o=",
            "id": "titan-non-prod-key",
            "key_name": "titan-non-prod-key",
            "key_name_prefix": "",
            "key_pair_id": "key-018999df2766465db",
            "key_type": "ed25519",
            "public_key": "ssh-ed25519 AAAAC3NzaC1lZDI1NTE5AAAAIDAzi7CftCRhaJPagE//h3wYz1vhtopBEjm9kEKII6b/ atlas-hpc",
            "region": "us-east-1",
            "tags": {
              "Name": "titan-non-prod-key"
            },
            "tags_all": {
              "Environment": "non-prod",
              "ManagedBy": "terraform",
              "Name": "titan-non-prod-key",
              "Namespace": "titan",
              "Project": "hpc"
            }
          },
          "sensitive_attributes": [],
          "identity_schema_version": 0,
          "private": "eyJzY2hlbWFfdmVyc2lvbiI6IjEifQ=="
        }
      ]
    },
    {
      "mode": "managed",
      "type": "null_resource",
      "name": "cleanup_compute_nodes",
      "provider": "provider[\"registry.terraform.io/hashicorp/null\"]",
      "instances": [
        {
          "schema_version": 0,
          "attributes": {
            "id": "820664447652596429",
            "triggers": {
              "region": "us-east-1",
              "vpc_id": "vpc-0160e280d2dbedd32"
            }
          },
          "sensitive_attributes": [],
          "identity_schema_version": 0,
          "dependencies": [
            "aws_key_pair.hpc_key",
            "module.compute_fleet.aws_autoscaling_group.compute",
            "module.compute_fleet.aws_launch_template.compute",
            "module.compute_fleet.data.aws_ami.amazon_linux2",
            "module.head_node.aws_eip.head_node",
            "module.head_node.aws_eip_association.head_node",
            "module.head_node.aws_instance.head_node",
            "module.head_node.data.aws_ami.amazon_linux2",
            "module.iam.aws_iam_instance_profile.compute_node",
            "module.iam.aws_iam_instance_profile.head_node",
            "module.iam.aws_iam_instance_profile.login_node",
            "module.iam.aws_iam_role.compute_node",
            "module.iam.aws_iam_role.head_node",
            "module.iam.aws_iam_role.login_node",
            "module.iam.aws_iam_role_policy.compute_node",
            "module.iam.aws_iam_role_policy.head_node",
            "module.iam.aws_iam_role_policy.login_node",
            "module.network.aws_internet_gateway.hpc_igw",
            "module.network.aws_route_table.hpc_rt",
            "module.network.aws_route_table_association.hpc_rta",
            "module.network.aws_security_group.hpc_sg",
            "module.network.aws_security_group.login_sg",
            "module.network.aws_subnet.hpc_subnet",
            "module.network.aws_vpc.hpc_vpc",
            "random_password.slurm_db"
          ]
        }
      ]
    },
    {
      "mode": "managed",
      "type": "random_password",
      "name": "slurm_db",
      "provider": "provider[\"registry.terraform.io/hashicorp/random\"]",
      "instances": [
        {
          "schema_version": 3,
          "attributes": {
            "bcrypt_hash": "$2a$10$L7jvVrSDt666VhYlnxNKk.o8fkkuidM4lofqI6Zq736Mfdc.z1gPy",
            "id": "none",
            "keepers": null,
            "length": 24,
            "lower": true,
            "min_lower": 0,
            "min_numeric": 0,
            "min_special": 0,
            "min_upper": 0,
            "number": true,
            "numeric": true,
            "override_special": null,
            "result": "5Mu1AaMuoKR5e4Jd1SWlSgxA",
            "special": false,
            "upper": true
          },
          "sensitive_attributes": [
            [
              {
                "type": "get_attr",
                "value": "bcrypt_hash"
              }
            ],
            [
              {
                "type": "get_attr",
                "value": "result"
              }
            ]
          ],
          "identity_schema_version": 0
        }
      ]
    },
    {
      "module": "module.compute_fleet",
      "mode": "data",
      "type": "aws_ami",
      "name": "amazon_linux2",
      "provider": "provider[\"registry.terraform.io/hashicorp/aws\"]",
      "instances": [
        {
          "schema_version": 0,
          "attributes": {
            "allow_unsafe_filter": null,
            "architecture": "x86_64",
            "arn": "arn:aws:ec2:us-east-1::image/ami-05024c2628f651b80",
            "block_device_mappings": [
              {
                "device_name": "/dev/xvda",
                "ebs": {
                  "delete_on_termination": "true",
                  "encrypted": "false",
                  "iops": "0",
                  "snapshot_id": "snap-0c05b31918c84c3b3",
                  "throughput": "0",
                  "volume_initialization_rate": "0",
                  "volume_size": "8",
                  "volume_type": "gp2"
                },
                "no_device": "",
                "virtual_name": ""
              }
            ],
            "boot_mode": "",
            "creation_date": "2026-02-26T18:41:41.000Z",
            "deprecation_time": "2026-05-27T18:47:00.000Z",
            "description": "Amazon Linux 2 AMI 2.0.20260302.0 x86_64 HVM gp2",
            "ena_support": true,
            "executable_users": null,
            "filter": [
              {
                "name": "name",
                "values": [
                  "amzn2-ami-hvm-*-x86_64-gp2"
                ]
              }
            ],
            "hypervisor": "xen",
            "id": "ami-05024c2628f651b80",
            "image_id": "ami-05024c2628f651b80",
            "image_location": "amazon/amzn2-ami-hvm-2.0.20260302.0-x86_64-gp2",
            "image_owner_alias": "amazon",
            "image_type": "machine",
            "imds_support": "",
            "include_deprecated": false,
            "kernel_id": "",
            "last_launched_time": "",
            "most_recent": true,
            "name": "amzn2-ami-hvm-2.0.20260302.0-x86_64-gp2",
            "name_regex": null,
            "owner_id": "137112412989",
            "owners": [
              "amazon"
            ],
            "platform": "",
            "platform_details": "Linux/UNIX",
            "product_codes": [],
            "public": true,
            "ramdisk_id": "",
            "region": "us-east-1",
            "root_device_name": "/dev/xvda",
            "root_device_type": "ebs",
            "root_snapshot_id": "snap-0c05b31918c84c3b3",
            "sriov_net_support": "simple",
            "state": "available",
            "state_reason": {
              "code": "UNSET",
              "message": "UNSET"
            },
            "tags": {},
            "timeouts": null,
            "tpm_support": "",
            "uefi_data": null,
            "usage_operation": "RunInstances",
            "virtualization_type": "hvm"
          },
          "sensitive_attributes": [],
          "identity_schema_version": 0
        }
      ]
    },
    {
      "module": "module.compute_fleet",
      "mode": "managed",
      "type": "aws_autoscaling_group",
      "name": "compute",
      "provider": "provider[\"registry.terraform.io/hashicorp/aws\"]",
      "instances": [
        {
          "schema_version": 1,
          "attributes": {
            "arn": "arn:aws:autoscaling:us-east-1:728035103044:autoScalingGroup:ec615419-2af4-4acb-b5fd-33cdf792dcff:autoScalingGroupName/titan-non-prod-compute-asg",
            "availability_zone_distribution": [
              {
                "capacity_distribution_strategy": "balanced-best-effort"
              }
            ],
            "availability_zones": [
              "us-east-1a"
            ],
            "capacity_rebalance": false,
            "capacity_reservation_specification": [
              {
                "capacity_reservation_preference": "default",
                "capacity_reservation_target": []
              }
            ],
            "context": "",
            "default_cooldown": 300,
            "default_instance_warmup": 0,
            "desired_capacity": 0,
            "desired_capacity_type": "",
            "enabled_metrics": [],
            "force_delete": false,
            "force_delete_warm_pool": false,
            "health_check_grace_period": 300,
            "health_check_type": "EC2",
            "id": "titan-non-prod-compute-asg",
            "ignore_failed_scaling_activities": false,
            "initial_lifecycle_hook": [],
            "instance_maintenance_policy": [],
            "instance_refresh": [],
            "launch_configuration": "",
            "launch_template": [
              {
                "id": "lt-0371fa3f2bf9cf1a4",
                "name": "titan-non-prod-compute-lt",
                "version": "$Latest"
              }
            ],
            "load_balancers": [],
            "max_instance_lifetime": 0,
            "max_size": 2,
            "metrics_granularity": "1Minute",
            "min_elb_capacity": null,
            "min_size": 0,
            "mixed_instances_policy": [],
            "name": "titan-non-prod-compute-asg",
            "name_prefix": "",
            "placement_group": "",
            "predicted_capacity": 0,
            "protect_from_scale_in": false,
            "region": "us-east-1",
            "service_linked_role_arn": "arn:aws:iam::728035103044:role/aws-service-role/autoscaling.amazonaws.com/AWSServiceRoleForAutoScaling",
            "suspended_processes": [],
            "tag": [
              {
                "key": "Name",
                "propagate_at_launch": false,
                "value": "titan-non-prod-compute-asg"
              }
            ],
            "target_group_arns": [],
            "termination_policies": [],
            "timeouts": null,
            "traffic_source": [],
            "vpc_zone_identifier": [
              "subnet-05fc30c9c3f5fd4a8"
            ],
            "wait_for_capacity_timeout": "10m",
            "wait_for_elb_capacity": null,
            "warm_pool": [],
            "warm_pool_size": 0
          },
          "sensitive_attributes": [],
          "identity_schema_version": 0,
          "private": "eyJlMmJmYjczMC1lY2FhLTExZTYtOGY4OC0zNDM2M2JjN2M0YzAiOnsiZGVsZXRlIjo2MDAwMDAwMDAwMDAsInVwZGF0ZSI6NjAwMDAwMDAwMDAwfSwic2NoZW1hX3ZlcnNpb24iOiIxIn0=",
          "dependencies": [
            "aws_key_pair.hpc_key",
            "module.compute_fleet.aws_launch_template.compute",
            "module.compute_fleet.data.aws_ami.amazon_linux2",
            "module.iam.aws_iam_instance_profile.compute_node",
            "module.iam.aws_iam_role.compute_node",
            "module.network.aws_security_group.hpc_sg",
            "module.network.aws_security_group.login_sg",
            "module.network.aws_subnet.hpc_subnet",
            "module.network.aws_vpc.hpc_vpc"
          ]
        }
      ]
    },
    {
      "module": "module.compute_fleet",
      "mode": "managed",
      "type": "aws_launch_template",
      "name": "compute",
      "provider": "provider[\"registry.terraform.io/hashicorp/aws\"]",
      "instances": [
        {
          "schema_version": 1,
          "attributes": {
            "arn": "arn:aws:ec2:us-east-1:728035103044:launch-template/lt-0371fa3f2bf9cf1a4",
            "block_device_mappings": [
              {
                "device_name": "/dev/xvda",
                "ebs": [
                  {
                    "delete_on_termination": "true",
                    "encrypted": "true",
                    "iops": 0,
                    "kms_key_id": "",
                    "snapshot_id": "",
                    "throughput": 0,
                    "volume_initialization_rate": 0,
                    "volume_size": 30,
                    "volume_type": "gp3"
                  }
                ],
                "no_device": "",
                "virtual_name": ""
              }
            ],
            "capacity_reservation_specification": [],
            "cpu_options": [],
            "credit_specification": [],
            "default_version": 1,
            "description": "Launch template for Slurm compute nodes",
            "disable_api_stop": false,
            "disable_api_termination": false,
            "ebs_optimized": "",
            "enclave_options": [],
            "hibernation_options": [],
            "iam_instance_profile": [
              {
                "arn": "",
                "name": "titan-non-prod-compute-node-profile"
              }
            ],
            "id": "lt-0371fa3f2bf9cf1a4",
            "image_id": "ami-05024c2628f651b80",
            "instance_initiated_shutdown_behavior": "",
            "instance_market_options": [],
            "instance_requirements": [],
            "instance_type": "t3.micro",
            "kernel_id": "",
            "key_name": "titan-non-prod-key",
            "latest_version": 1,
            "license_specification": [],
            "maintenance_options": [],
            "metadata_options": [
              {
                "http_endpoint": "",
                "http_protocol_ipv6": "",
                "http_put_response_hop_limit": 2,
                "http_tokens": "optional",
                "instance_metadata_tags": ""
              }
            ],
            "monitoring": [],
            "name": "titan-non-prod-compute-lt",
            "name_prefix": "",
            "network_interfaces": [
              {
                "associate_carrier_ip_address": "",
                "associate_public_ip_address": "true",
                "connection_tracking_specification": [],
                "delete_on_termination": "true",
                "description": "",
                "device_index": 0,
                "ena_srd_specification": [],
                "interface_type": "",
                "ipv4_address_count": 0,
                "ipv4_addresses": [],
                "ipv4_prefix_count": 0,
                "ipv4_prefixes": [],
                "ipv6_address_count": 0,
                "ipv6_addresses": [],
                "ipv6_prefix_count": 0,
                "ipv6_prefixes": [],
                "network_card_index": 0,
                "network_interface_id": "",
                "primary_ipv6": "",
                "private_ip_address": "",
                "security_groups": [
                  "sg-082541b5ae951283a"
                ],
                "subnet_id": "subnet-05fc30c9c3f5fd4a8"
              }
            ],
            "network_performance_options": [],
            "placement": [],
            "private_dns_name_options": [],
            "ram_disk_id": "",
            "region": "us-east-1",
            "secondary_interfaces": [],
            "security_group_names": [],
            "tag_specifications": [
              {
                "resource_type": "instance",
                "tags": {
                  "Environment": "non-prod",
                  "ManagedBy": "slurm",
                  "Namespace": "titan",
                  "Project": "hpc"
                }
              }
            ],
            "tags": {
              "Name": "titan-non-prod-compute-lt"
            },
            "tags_all": {
              "Environment": "non-prod",
              "ManagedBy": "terraform",
              "Name": "titan-non-prod-compute-lt",
              "Namespace": "titan",
              "Project": "hpc"
            },
            "update_default_version": null,
            "user_data": "IyEvYmluL2Jhc2gKc2V0IC1lCmV4ZWMgPiA+KHRlZSAvdmFyL2xvZy9ocGMtY29tcHV0ZS1pbml0LmxvZykgMj4mMQoKZWNobyAiPT09IEhQQyBDb21wdXRlIE5vZGUgSW5pdDogJChkYXRlKSA9PT0iCgojIOKUgOKUgCBUZXJyYWZvcm0taW5qZWN0ZWQgY29uZmlnIOKUgOKUgOKUgOKUgOKUgOKUgOKUgOKUgOKUgOKUgOKUgOKUgOKUgOKUgOKUgOKUgOKUgOKUgOKUgOKUgOKUgOKUgOKUgOKUgOKUgOKUgOKUgOKUgOKUgOKUgOKUgOKUgOKUgOKUgOKUgOKUgOKUgOKUgOKUgOKUgOKUgOKUgOKUgOKUgOKUgOKUgOKUgOKUgOKUgApOQU1FU1BBQ0U9InRpdGFuIgpFTlY9Im5vbi1wcm9kIgpSRUdJT049InVzLWVhc3QtMSIKQ0xVU1RFUl9OQU1FPSJ0aXRhbi1ub24tcHJvZCIKTUFYX05PREVTPSIyIgpMQVNUX0lEWD0kKCggMiAtIDEgKSkKCiMg4pSA4pSAIElNRFN2MSBtZXRhZGF0YSAoY29tcHV0ZSBub2RlcyB1c2Ugb3B0aW9uYWwgSU1EU3YyKSDilIDilIDilIDilIDilIDilIDilIDilIDilIDilIDilIDilIDilIDilIDilIDilIDilIDilIDilIDilIDilIDilIDilIAKSU5TVEFOQ0VfSUQ9JChjdXJsIC1zIGh0dHA6Ly8xNjkuMjU0LjE2OS4yNTQvbGF0ZXN0L21ldGEtZGF0YS9pbnN0YW5jZS1pZCkKUFJJVkFURV9JUD0kKGN1cmwgLXMgaHR0cDovLzE2OS4yNTQuMTY5LjI1NC9sYXRlc3QvbWV0YS1kYXRhL2xvY2FsLWlwdjQpCgplY2hvICJJbnN0YW5jZTogJElOU1RBTkNFX0lEIHwgSVA6ICRQUklWQVRFX0lQIHwgQ2x1c3RlcjogJENMVVNURVJfTkFNRSIKCiMg4pSA4pSAIEdldCBTbHVybSBub2RlIG5hbWUgZnJvbSBpbnN0YW5jZSB0YWcg4pSA4pSA4pSA4pSA4pSA4pSA4pSA4pSA4pSA4pSA4pSA4pSA4pSA4pSA4pSA4pSA4pSA4pSA4pSA4pSA4pSA4pSA4pSA4pSA4pSA4pSA4pSA4pSA4pSA4pSA4pSA4pSA4pSA4pSA4pSA4pSA4pSACmVjaG8gIkZldGNoaW5nIFNsdXJtTm9kZU5hbWUgdGFnLi4uIgpmb3IgaSBpbiAkKHNlcSAxIDMwKTsgZG8KICBOT0RFX05BTUU9JChhd3MgZWMyIGRlc2NyaWJlLXRhZ3MgXAogICAgLS1yZWdpb24gIiRSRUdJT04iIFwKICAgIC0tZmlsdGVycyBcCiAgICAgICJOYW1lPXJlc291cmNlLWlkLFZhbHVlcz0kSU5TVEFOQ0VfSUQiIFwKICAgICAgIk5hbWU9a2V5LFZhbHVlcz1TbHVybU5vZGVOYW1lIiBcCiAgICAtLXF1ZXJ5ICdUYWdzWzBdLlZhbHVlJyBcCiAgICAtLW91dHB1dCB0ZXh0IDI+L2Rldi9udWxsKQogIGlmIFsgLW4gIiROT0RFX05BTUUiIF0gJiYgWyAiJE5PREVfTkFNRSIgIT0gIk5vbmUiIF07IHRoZW4KICAgIGVjaG8gIkdvdCBub2RlIG5hbWU6ICROT0RFX05BTUUiCiAgICBicmVhawogIGZpCiAgZWNobyAiV2FpdGluZyBmb3IgdGFnLi4uIGF0dGVtcHQgJGkiCiAgc2xlZXAgNQpkb25lCgppZiBbIC16ICIkTk9ERV9OQU1FIiBdIHx8IFsgIiROT0RFX05BTUUiID0gIk5vbmUiIF07IHRoZW4KICBlY2hvICJFUlJPUjogQ291bGQgbm90IGdldCBTbHVybU5vZGVOYW1lIHRhZy4gRXhpdGluZy4iCiAgZXhpdCAxCmZpCgojIOKUgOKUgCBTZXQgaG9zdG5hbWUg4pSA4pSA4pSA4pSA4pSA4pSA4pSA4pSA4pSA4pSA4pSA4pSA4pSA4pSA4pSA4pSA4pSA4pSA4pSA4pSA4pSA4pSA4pSA4pSA4pSA4pSA4pSA4pSA4pSA4pSA4pSA4pSA4pSA4pSA4pSA4pSA4pSA4pSA4pSA4pSA4pSA4pSA4pSA4pSA4pSA4pSA4pSA4pSA4pSA4pSA4pSA4pSA4pSA4pSA4pSA4pSA4pSA4pSA4pSA4pSA4pSA4pSACmhvc3RuYW1lY3RsIHNldC1ob3N0bmFtZSAiJE5PREVfTkFNRSIKCiMg4pSA4pSAIEluc3RhbGwgcGFja2FnZXMg4pSA4pSA4pSA4pSA4pSA4pSA4pSA4pSA4pSA4pSA4pSA4pSA4pSA4pSA4pSA4pSA4pSA4pSA4pSA4pSA4pSA4pSA4pSA4pSA4pSA4pSA4pSA4pSA4pSA4pSA4pSA4pSA4pSA4pSA4pSA4pSA4pSA4pSA4pSA4pSA4pSA4pSA4pSA4pSA4pSA4pSA4pSA4pSA4pSA4pSA4pSA4pSA4pSA4pSA4pSA4pSA4pSA4pSACnl1bSB1cGRhdGUgLXkKYW1hem9uLWxpbnV4LWV4dHJhcyBpbnN0YWxsIGVwZWwgLXkKeXVtIGluc3RhbGwgLXkgc2x1cm0gc2x1cm0tc2x1cm1kIG11bmdlIG11bmdlLWRldmVsIGF3c2NsaQoKIyBDcmVhdGUgc2x1cm0gdXNlciAoQUwyIEVQRUwgUlBNIGRvZXMgbm90IGFsd2F5cyBjcmVhdGUgaXQgYXV0b21hdGljYWxseSkKdXNlcmFkZCAtciAtZCAvdmFyL2xpYi9zbHVybSAtcyAvc2Jpbi9ub2xvZ2luIHNsdXJtIDI+L2Rldi9udWxsIHx8IHRydWUKCiMg4pSA4pSAIEdldCBtdW5nZSBrZXkgZnJvbSBTU00g4pSA4pSA4pSA4pSA4pSA4pSA4pSA4pSA4pSA4pSA4pSA4pSA4pSA4pSA4pSA4pSA4pSA4pSA4pSA4pSA4pSA4pSA4pSA4pSA4pSA4pSA4pSA4pSA4pSA4pSA4pSA4pSA4pSA4pSA4pSA4pSA4pSA4pSA4pSA4pSA4pSA4pSA4pSA4pSA4pSA4pSA4pSA4pSA4pSA4pSA4pSA4pSACmVjaG8gIkZldGNoaW5nIG11bmdlIGtleSBmcm9tIFNTTS4uLiIKZm9yIGkgaW4gJChzZXEgMSAyMCk7IGRvCiAgTVVOR0VfS0VZX0I2ND0kKGF3cyBzc20gZ2V0LXBhcmFtZXRlciBcCiAgICAtLXJlZ2lvbiAiJFJFR0lPTiIgXAogICAgLS1uYW1lICIvaHBjLyROQU1FU1BBQ0UvJEVOVi9tdW5nZS1rZXkiIFwKICAgIC0td2l0aC1kZWNyeXB0aW9uIFwKICAgIC0tcXVlcnkgJ1BhcmFtZXRlci5WYWx1ZScgXAogICAgLS1vdXRwdXQgdGV4dCAyPi9kZXYvbnVsbCkKICBpZiBbIC1uICIkTVVOR0VfS0VZX0I2NCIgXSAmJiBbICIkTVVOR0VfS0VZX0I2NCIgIT0gIk5vbmUiIF07IHRoZW4KICAgIGVjaG8gIkdvdCBtdW5nZSBrZXkiCiAgICBicmVhawogIGZpCiAgZWNobyAiV2FpdGluZyBmb3IgbXVuZ2Uga2V5Li4uIGF0dGVtcHQgJGkiCiAgc2xlZXAgMTAKZG9uZQoKZWNobyAiJE1VTkdFX0tFWV9CNjQiIHwgYmFzZTY0IC1kID4gL2V0Yy9tdW5nZS9tdW5nZS5rZXkKY2hvd24gbXVuZ2U6bXVuZ2UgL2V0Yy9tdW5nZS9tdW5nZS5rZXkKY2htb2QgNDAwIC9ldGMvbXVuZ2UvbXVuZ2Uua2V5CgojIOKUgOKUgCBHZXQgaGVhZCBub2RlIGluZm8gZnJvbSBTU00g4pSA4pSA4pSA4pSA4pSA4pSA4pSA4pSA4pSA4pSA4pSA4pSA4pSA4pSA4pSA4pSA4pSA4pSA4pSA4pSA4pSA4pSA4pSA4pSA4pSA4pSA4pSA4pSA4pSA4pSA4pSA4pSA4pSA4pSA4pSA4pSA4pSA4pSA4pSA4pSA4pSA4pSA4pSA4pSA4pSA4pSA4pSACkhFQURfTk9ERV9JUD0kKGF3cyBzc20gZ2V0LXBhcmFtZXRlciBcCiAgLS1yZWdpb24gIiRSRUdJT04iIFwKICAtLW5hbWUgIi9ocGMvJE5BTUVTUEFDRS8kRU5WL2hlYWQtbm9kZS1pcCIgXAogIC0tcXVlcnkgJ1BhcmFtZXRlci5WYWx1ZScgLS1vdXRwdXQgdGV4dCkKCkhFQURfTk9ERV9IT1NUTkFNRT0kKGF3cyBzc20gZ2V0LXBhcmFtZXRlciBcCiAgLS1yZWdpb24gIiRSRUdJT04iIFwKICAtLW5hbWUgIi9ocGMvJE5BTUVTUEFDRS8kRU5WL2hlYWQtbm9kZS1ob3N0bmFtZSIgXAogIC0tcXVlcnkgJ1BhcmFtZXRlci5WYWx1ZScgLS1vdXRwdXQgdGV4dCkKCmVjaG8gIkhlYWQgbm9kZTogJEhFQURfTk9ERV9IT1NUTkFNRSAoJEhFQURfTk9ERV9JUCkiCgojIOKUgOKUgCBVcGRhdGUgL2V0Yy9ob3N0cyDilIDilIDilIDilIDilIDilIDilIDilIDilIDilIDilIDilIDilIDilIDilIDilIDilIDilIDilIDilIDilIDilIDilIDilIDilIDilIDilIDilIDilIDilIDilIDilIDilIDilIDilIDilIDilIDilIDilIDilIDilIDilIDilIDilIDilIDilIDilIDilIDilIDilIDilIDilIDilIDilIDilIDilIDilIAKZWNobyAiJEhFQURfTk9ERV9JUCAkSEVBRF9OT0RFX0hPU1ROQU1FIiA+PiAvZXRjL2hvc3RzCgojIOKUgOKUgCBTbHVybSBkaXJlY3RvcmllcyDilIDilIDilIDilIDilIDilIDilIDilIDilIDilIDilIDilIDilIDilIDilIDilIDilIDilIDilIDilIDilIDilIDilIDilIDilIDilIDilIDilIDilIDilIDilIDilIDilIDilIDilIDilIDilIDilIDilIDilIDilIDilIDilIDilIDilIDilIDilIDilIDilIDilIDilIDilIDilIDilIDilIDilIDilIAKbWtkaXIgLXAgL2V0Yy9zbHVybSAvdmFyL3Nwb29sL3NsdXJtZCAvdmFyL2xvZy9zbHVybQpjaG93biBzbHVybTpzbHVybSAvdmFyL3Nwb29sL3NsdXJtZCAvdmFyL2xvZy9zbHVybQoKIyDilIDilIAgc2x1cm0uY29uZiDilIDilIDilIDilIDilIDilIDilIDilIDilIDilIDilIDilIDilIDilIDilIDilIDilIDilIDilIDilIDilIDilIDilIDilIDilIDilIDilIDilIDilIDilIDilIDilIDilIDilIDilIDilIDilIDilIDilIDilIDilIDilIDilIDilIDilIDilIDilIDilIDilIDilIDilIDilIDilIDilIDilIDilIDilIDilIDilIDilIDilIDilIDilIDilIAKY2F0ID4gL2V0Yy9zbHVybS9zbHVybS5jb25mIDw8IFNMVVJNQ09ORgpDbHVzdGVyTmFtZT0kQ0xVU1RFUl9OQU1FClNsdXJtY3RsZEhvc3Q9JEhFQURfTk9ERV9IT1NUTkFNRQoKQXV0aFR5cGU9YXV0aC9tdW5nZQpDcnlwdG9UeXBlPWNyeXB0by9tdW5nZQpNcGlEZWZhdWx0PW5vbmUKUHJvY3RyYWNrVHlwZT1wcm9jdHJhY2svcGdpZApSZXR1cm5Ub1NlcnZpY2U9MgpTbHVybWN0bGRQaWRGaWxlPS92YXIvcnVuL3NsdXJtY3RsZC5waWQKU2x1cm1kUGlkRmlsZT0vdmFyL3J1bi9zbHVybWQucGlkClNsdXJtZFNwb29sRGlyPS92YXIvc3Bvb2wvc2x1cm1kClN0YXRlU2F2ZUxvY2F0aW9uPS92YXIvc3Bvb2wvc2x1cm1jdGxkClN3aXRjaFR5cGU9c3dpdGNoL25vbmUKVGFza1BsdWdpbj10YXNrL25vbmUKClNjaGVkdWxlclR5cGU9c2NoZWQvYmFja2ZpbGwKU2VsZWN0VHlwZT1zZWxlY3QvY29uc190cmVzClNlbGVjdFR5cGVQYXJhbWV0ZXJzPUNSX0NQVV9NZW1vcnkKCkFjY291bnRpbmdTdG9yYWdlVHlwZT1hY2NvdW50aW5nX3N0b3JhZ2Uvc2x1cm1kYmQKQWNjb3VudGluZ1N0b3JhZ2VIb3N0PSRIRUFEX05PREVfSVAKQWNjb3VudGluZ1N0b3JhZ2VQb3J0PTY4MTkKSm9iQWNjdEdhdGhlclR5cGU9am9iYWNjdF9nYXRoZXIvbGludXgKSm9iQWNjdEdhdGhlckZyZXF1ZW5jeT0zMAoKU2x1cm1kTG9nRmlsZT0vdmFyL2xvZy9zbHVybS9zbHVybWQubG9nClNsdXJtZERlYnVnPWluZm8KClNsdXJtY3RsZFBhcmFtZXRlcnM9Y2xvdWRfcmVnX2FkZHJzCgpOb2RlTmFtZT0kQ0xVU1RFUl9OQU1FLWNvbXB1dGUtWzAtJExBU1RfSURYXSBDUFVzPTIgUmVhbE1lbW9yeT05MDAgU3RhdGU9Q0xPVUQgRmVhdHVyZT1jbG91ZApQYXJ0aXRpb25OYW1lPW1haW4gTm9kZXM9JENMVVNURVJfTkFNRS1jb21wdXRlLVswLSRMQVNUX0lEWF0gRGVmYXVsdD1ZRVMgTWF4VGltZT1JTkZJTklURSBTdGF0ZT1VUApTTFVSTUNPTkYKCmNob3duIHNsdXJtOnNsdXJtIC9ldGMvc2x1cm0vc2x1cm0uY29uZgoKIyDilIDilIAgVXBkYXRlIG5vZGUgYWRkcmVzcyBpbiBzbHVybWN0bGQg4pSA4pSA4pSA4pSA4pSA4pSA4pSA4pSA4pSA4pSA4pSA4pSA4pSA4pSA4pSA4pSA4pSA4pSA4pSA4pSA4pSA4pSA4pSA4pSA4pSA4pSA4pSA4pSA4pSA4pSA4pSA4pSA4pSA4pSA4pSA4pSA4pSA4pSA4pSA4pSA4pSACiMgc2x1cm1kIHdpbGwgYXV0by1yZWdpc3RlciB0aGUgbm9kZSBhZGRyZXNzIHdoZW4gY2xvdWRfcmVnX2FkZHJzIGlzIHNldAoKIyDilIDilIAgU3RhcnQgc2VydmljZXMg4pSA4pSA4pSA4pSA4pSA4pSA4pSA4pSA4pSA4pSA4pSA4pSA4pSA4pSA4pSA4pSA4pSA4pSA4pSA4pSA4pSA4pSA4pSA4pSA4pSA4pSA4pSA4pSA4pSA4pSA4pSA4pSA4pSA4pSA4pSA4pSA4pSA4pSA4pSA4pSA4pSA4pSA4pSA4pSA4pSA4pSA4pSA4pSA4pSA4pSA4pSA4pSA4pSA4pSA4pSA4pSA4pSA4pSA4pSA4pSACnN5c3RlbWN0bCBlbmFibGUgbXVuZ2UgJiYgc3lzdGVtY3RsIHN0YXJ0IG11bmdlCgpzeXN0ZW1jdGwgZW5hYmxlIHNsdXJtZCAmJiBzeXN0ZW1jdGwgc3RhcnQgc2x1cm1kCgplY2hvICI9PT0gQ29tcHV0ZSBOb2RlICROT0RFX05BTUUgSW5pdCBDb21wbGV0ZTogJChkYXRlKSA9PT0iCg==",
            "vpc_security_group_ids": []
          },
          "sensitive_attributes": [],
          "identity_schema_version": 0,
          "private": "eyJzY2hlbWFfdmVyc2lvbiI6IjEifQ==",
          "dependencies": [
            "aws_key_pair.hpc_key",
            "module.compute_fleet.data.aws_ami.amazon_linux2",
            "module.iam.aws_iam_instance_profile.compute_node",
            "module.iam.aws_iam_role.compute_node",
            "module.network.aws_security_group.hpc_sg",
            "module.network.aws_security_group.login_sg",
            "module.network.aws_subnet.hpc_subnet",
            "module.network.aws_vpc.hpc_vpc"
          ]
        }
      ]
    },
    {
      "module": "module.head_node",
      "mode": "data",
      "type": "aws_ami",
      "name": "amazon_linux2",
      "provider": "provider[\"registry.terraform.io/hashicorp/aws\"]",
      "instances": [
        {
          "schema_version": 0,
          "attributes": {
            "allow_unsafe_filter": null,
            "architecture": "x86_64",
            "arn": "arn:aws:ec2:us-east-1::image/ami-05024c2628f651b80",
            "block_device_mappings": [
              {
                "device_name": "/dev/xvda",
                "ebs": {
                  "delete_on_termination": "true",
                  "encrypted": "false",
                  "iops": "0",
                  "snapshot_id": "snap-0c05b31918c84c3b3",
                  "throughput": "0",
                  "volume_initialization_rate": "0",
                  "volume_size": "8",
                  "volume_type": "gp2"
                },
                "no_device": "",
                "virtual_name": ""
              }
            ],
            "boot_mode": "",
            "creation_date": "2026-02-26T18:41:41.000Z",
            "deprecation_time": "2026-05-27T18:47:00.000Z",
            "description": "Amazon Linux 2 AMI 2.0.20260302.0 x86_64 HVM gp2",
            "ena_support": true,
            "executable_users": null,
            "filter": [
              {
                "name": "name",
                "values": [
                  "amzn2-ami-hvm-*-x86_64-gp2"
                ]
              }
            ],
            "hypervisor": "xen",
            "id": "ami-05024c2628f651b80",
            "image_id": "ami-05024c2628f651b80",
            "image_location": "amazon/amzn2-ami-hvm-2.0.20260302.0-x86_64-gp2",
            "image_owner_alias": "amazon",
            "image_type": "machine",
            "imds_support": "",
            "include_deprecated": false,
            "kernel_id": "",
            "last_launched_time": "",
            "most_recent": true,
            "name": "amzn2-ami-hvm-2.0.20260302.0-x86_64-gp2",
            "name_regex": null,
            "owner_id": "137112412989",
            "owners": [
              "amazon"
            ],
            "platform": "",
            "platform_details": "Linux/UNIX",
            "product_codes": [],
            "public": true,
            "ramdisk_id": "",
            "region": "us-east-1",
            "root_device_name": "/dev/xvda",
            "root_device_type": "ebs",
            "root_snapshot_id": "snap-0c05b31918c84c3b3",
            "sriov_net_support": "simple",
            "state": "available",
            "state_reason": {
              "code": "UNSET",
              "message": "UNSET"
            },
            "tags": {},
            "timeouts": null,
            "tpm_support": "",
            "uefi_data": null,
            "usage_operation": "RunInstances",
            "virtualization_type": "hvm"
          },
          "sensitive_attributes": [],
          "identity_schema_version": 0
        }
      ]
    },
    {
      "module": "module.head_node",
      "mode": "managed",
      "type": "aws_eip",
      "name": "head_node",
      "provider": "provider[\"registry.terraform.io/hashicorp/aws\"]",
      "instances": [
        {
          "schema_version": 0,
          "attributes": {
            "address": null,
            "allocation_id": "eipalloc-09c44c2ff22376f7e",
            "arn": "arn:aws:ec2:us-east-1:728035103044:elastic-ip/eipalloc-09c44c2ff22376f7e",
            "associate_with_private_ip": null,
            "association_id": "eipassoc-03ccf6ea96ecc250f",
            "carrier_ip": "",
            "customer_owned_ip": "",
            "customer_owned_ipv4_pool": "",
            "domain": "vpc",
            "id": "eipalloc-09c44c2ff22376f7e",
            "instance": "i-0ea6d749017e704af",
            "ipam_pool_id": null,
            "network_border_group": "us-east-1",
            "network_interface": "eni-0c11d5a776054fddf",
            "private_dns": "ip-10-0-1-8.ec2.internal",
            "private_ip": "10.0.1.8",
            "ptr_record": "",
            "public_dns": "ec2-100-48-122-172.compute-1.amazonaws.com",
            "public_ip": "100.48.122.172",
            "public_ipv4_pool": "amazon",
            "region": "us-east-1",
            "tags": {
              "Name": "titan-non-prod-head-node-eip"
            },
            "tags_all": {
              "Environment": "non-prod",
              "ManagedBy": "terraform",
              "Name": "titan-non-prod-head-node-eip",
              "Namespace": "titan",
              "Project": "hpc"
            },
            "timeouts": null
          },
          "sensitive_attributes": [],
          "identity_schema_version": 0,
          "private": "eyJlMmJmYjczMC1lY2FhLTExZTYtOGY4OC0zNDM2M2JjN2M0YzAiOnsiZGVsZXRlIjoxODAwMDAwMDAwMDAsInJlYWQiOjkwMDAwMDAwMDAwMCwidXBkYXRlIjozMDAwMDAwMDAwMDB9fQ=="
        }
      ]
    },
    {
      "module": "module.head_node",
      "mode": "managed",
      "type": "aws_eip_association",
      "name": "head_node",
      "provider": "provider[\"registry.terraform.io/hashicorp/aws\"]",
      "instances": [
        {
          "schema_version": 0,
          "attributes": {
            "allocation_id": "eipalloc-09c44c2ff22376f7e",
            "allow_reassociation": null,
            "id": "eipassoc-03ccf6ea96ecc250f",
            "instance_id": "i-0ea6d749017e704af",
            "network_interface_id": "eni-0c11d5a776054fddf",
            "private_ip_address": "10.0.1.8",
            "public_ip": "100.48.122.172",
            "region": "us-east-1"
          },
          "sensitive_attributes": [],
          "identity_schema_version": 0,
          "private": "bnVsbA==",
          "dependencies": [
            "aws_key_pair.hpc_key",
            "module.head_node.aws_eip.head_node",
            "module.head_node.aws_instance.head_node",
            "module.head_node.data.aws_ami.amazon_linux2",
            "module.iam.aws_iam_instance_profile.head_node",
            "module.iam.aws_iam_role.head_node",
            "module.network.aws_security_group.hpc_sg",
            "module.network.aws_security_group.login_sg",
            "module.network.aws_subnet.hpc_subnet",
            "module.network.aws_vpc.hpc_vpc",
            "random_password.slurm_db"
          ]
        }
      ]
    },
    {
      "module": "module.head_node",
      "mode": "managed",
      "type": "aws_instance",
      "name": "head_node",
      "provider": "provider[\"registry.terraform.io/hashicorp/aws\"]",
      "instances": [
        {
          "schema_version": 2,
          "attributes": {
            "ami": "ami-05024c2628f651b80",
            "arn": "arn:aws:ec2:us-east-1:728035103044:instance/i-0ea6d749017e704af",
            "associate_public_ip_address": true,
            "availability_zone": "us-east-1a",
            "capacity_reservation_specification": [
              {
                "capacity_reservation_preference": "open",
                "capacity_reservation_target": []
              }
            ],
            "cpu_options": [
              {
                "amd_sev_snp": "",
                "core_count": 1,
                "nested_virtualization": "",
                "threads_per_core": 2
              }
            ],
            "credit_specification": [
              {
                "cpu_credits": "unlimited"
              }
            ],
            "disable_api_stop": false,
            "disable_api_termination": false,
            "ebs_block_device": [],
            "ebs_optimized": false,
            "enable_primary_ipv6": null,
            "enclave_options": [
              {
                "enabled": false
              }
            ],
            "ephemeral_block_device": [],
            "force_destroy": false,
            "get_password_data": false,
            "hibernation": false,
            "host_id": "",
            "host_resource_group_arn": null,
            "iam_instance_profile": "titan-non-prod-head-node-profile",
            "id": "i-0ea6d749017e704af",
            "instance_initiated_shutdown_behavior": "stop",
            "instance_lifecycle": "",
            "instance_market_options": [],
            "instance_state": "running",
            "instance_type": "t3.micro",
            "ipv6_address_count": 0,
            "ipv6_addresses": [],
            "key_name": "titan-non-prod-key",
            "launch_template": [],
            "maintenance_options": [
              {
                "auto_recovery": "default"
              }
            ],
            "metadata_options": [
              {
                "http_endpoint": "enabled",
                "http_protocol_ipv6": "disabled",
                "http_put_response_hop_limit": 2,
                "http_tokens": "required",
                "instance_metadata_tags": "disabled"
              }
            ],
            "monitoring": false,
            "network_interface": [],
            "outpost_arn": "",
            "password_data": "",
            "placement_group": "",
            "placement_group_id": "",
            "placement_partition_number": 0,
            "primary_network_interface": [
              {
                "delete_on_termination": true,
                "network_interface_id": "eni-0c11d5a776054fddf"
              }
            ],
            "primary_network_interface_id": "eni-0c11d5a776054fddf",
            "private_dns": "ip-10-0-1-8.ec2.internal",
            "private_dns_name_options": [
              {
                "enable_resource_name_dns_a_record": false,
                "enable_resource_name_dns_aaaa_record": false,
                "hostname_type": "ip-name"
              }
            ],
            "private_ip": "10.0.1.8",
            "public_dns": "ec2-100-48-122-172.compute-1.amazonaws.com",
            "public_ip": "100.48.122.172",
            "region": "us-east-1",
            "root_block_device": [
              {
                "delete_on_termination": true,
                "device_name": "/dev/xvda",
                "encrypted": true,
                "iops": 3000,
                "kms_key_id": "arn:aws:kms:us-east-1:728035103044:key/3ae02c27-83c8-4251-8851-362bae526425",
                "tags": {},
                "tags_all": {
                  "Environment": "non-prod",
                  "ManagedBy": "terraform",
                  "Namespace": "titan",
                  "Project": "hpc"
                },
                "throughput": 125,
                "volume_id": "vol-0560741688a7b1098",
                "volume_size": 30,
                "volume_type": "gp3"
              }
            ],
            "secondary_network_interface": [],
            "secondary_private_ips": [],
            "security_groups": [],
            "source_dest_check": true,
            "spot_instance_request_id": "",
            "subnet_id": "subnet-05fc30c9c3f5fd4a8",
            "tags": {
              "Name": "titan-non-prod-head-node"
            },
            "tags_all": {
              "Environment": "non-prod",
              "ManagedBy": "terraform",
              "Name": "titan-non-prod-head-node",
              "Namespace": "titan",
              "Project": "hpc"
            },
            "tenancy": "default",
            "timeouts": null,
            "user_data": "#!/bin/bash\nset -e\nexec \u003e \u003e(tee /var/log/hpc-init.log) 2\u003e\u00261\n\necho \"=== HPC Head Node Init: $(date) ===\"\n\n# ── Terraform-injected config ─────────────────────────────────────────────────\nNAMESPACE=\"titan\"\nENV=\"non-prod\"\nREGION=\"us-east-1\"\nCLUSTER_NAME=\"titan-non-prod\"\nLT_NAME=\"titan-non-prod-compute-lt\"\nMAX_NODES=\"2\"\nLAST_IDX=$(( 2 - 1 ))\n\necho \"Cluster: $CLUSTER_NAME | Region: $REGION | Max nodes: $MAX_NODES\"\n\n# ── IMDSv2 metadata ───────────────────────────────────────────────────────────\nTOKEN=$(curl -s -X PUT \"http://169.254.169.254/latest/api/token\" \\\n  -H \"X-aws-ec2-metadata-token-ttl-seconds: 300\")\nPRIVATE_IP=$(curl -s -H \"X-aws-ec2-metadata-token: $TOKEN\" \\\n  http://169.254.169.254/latest/meta-data/local-ipv4)\nHOSTNAME=$(hostname)\n\necho \"Private IP: $PRIVATE_IP | Hostname: $HOSTNAME\"\n\n# ── Install packages ──────────────────────────────────────────────────────────\nyum update -y\namazon-linux-extras install epel -y\nyum install -y \\\n  slurm slurm-slurmctld slurm-slurmdbd \\\n  munge munge-devel \\\n  mariadb mariadb-server \\\n  awscli jq\n\n# Create slurm user (AL2 EPEL RPM does not always create it automatically)\nuseradd -r -d /var/lib/slurm -s /sbin/nologin slurm 2\u003e/dev/null || true\n\n# ── MariaDB setup ─────────────────────────────────────────────────────────────\nsystemctl enable mariadb\nsystemctl start mariadb\n\necho \"Waiting for MariaDB to be ready...\"\nfor i in $(seq 1 30); do\n  mysql -e \"SELECT 1\" 2\u003e/dev/null \u0026\u0026 break\n  echo \"MariaDB not ready, attempt $i/30...\"\n  sleep 3\ndone\n\nmysql -e \"CREATE DATABASE IF NOT EXISTS slurm_acct_db;\"\nmysql -e \"GRANT ALL ON slurm_acct_db.* TO 'slurm'@'localhost' IDENTIFIED BY '5Mu1AaMuoKR5e4Jd1SWlSgxA';\"\nmysql -e \"FLUSH PRIVILEGES;\"\n\n# ── Munge key ─────────────────────────────────────────────────────────────────\ndd if=/dev/urandom bs=1 count=1024 \u003e /etc/munge/munge.key\nchown munge:munge /etc/munge/munge.key\nchmod 400 /etc/munge/munge.key\n\n# Store in SSM for compute nodes\nMUNGE_KEY_B64=$(base64 -w 0 /etc/munge/munge.key)\naws ssm put-parameter --region \"$REGION\" \\\n  --name \"/hpc/$NAMESPACE/$ENV/munge-key\" \\\n  --value \"$MUNGE_KEY_B64\" \\\n  --type SecureString --overwrite\n\n# ── Store head node info in SSM ───────────────────────────────────────────────\naws ssm put-parameter --region \"$REGION\" \\\n  --name \"/hpc/$NAMESPACE/$ENV/head-node-ip\" \\\n  --value \"$PRIVATE_IP\" --type String --overwrite\n\naws ssm put-parameter --region \"$REGION\" \\\n  --name \"/hpc/$NAMESPACE/$ENV/head-node-hostname\" \\\n  --value \"$HOSTNAME\" --type String --overwrite\n\n# ── Slurm directories ─────────────────────────────────────────────────────────\nmkdir -p /etc/slurm /var/spool/slurmctld /var/spool/slurmd /var/log/slurm\nchown slurm:slurm /var/spool/slurmctld /var/spool/slurmd /var/log/slurm\nchmod 755 /var/spool/slurmctld /var/spool/slurmd /var/log/slurm\n\n# ── slurmdbd.conf ─────────────────────────────────────────────────────────────\ncat \u003e /etc/slurm/slurmdbd.conf \u003c\u003c DDBCONF\nDbdHost=localhost\nDbdPort=6819\nLogFile=/var/log/slurm/slurmdbd.log\nPidFile=/var/run/slurmdbd.pid\nSlurmUser=slurm\nStorageType=accounting_storage/mysql\nStorageHost=localhost\nStorageUser=slurm\nStoragePass=5Mu1AaMuoKR5e4Jd1SWlSgxA\nStorageLoc=slurm_acct_db\nDDBCONF\n\nchown slurm:slurm /etc/slurm/slurmdbd.conf\nchmod 600 /etc/slurm/slurmdbd.conf\n\n# ── slurm.conf ────────────────────────────────────────────────────────────────\ncat \u003e /etc/slurm/slurm.conf \u003c\u003c SLURMCONF\nClusterName=$CLUSTER_NAME\nSlurmctldHost=$HOSTNAME\n\nAuthType=auth/munge\nCryptoType=crypto/munge\nMpiDefault=none\nProctrackType=proctrack/pgid\nReturnToService=2\nSlurmctldPidFile=/var/run/slurmctld.pid\nSlurmdPidFile=/var/run/slurmd.pid\nSlurmdSpoolDir=/var/spool/slurmd\nStateSaveLocation=/var/spool/slurmctld\nSwitchType=switch/none\nTaskPlugin=task/none\n\n# Scheduling\nSchedulerType=sched/backfill\nSelectType=select/cons_tres\nSelectTypeParameters=CR_CPU_Memory\n\n# Accounting\nAccountingStorageType=accounting_storage/slurmdbd\nAccountingStorageHost=localhost\nAccountingStoragePort=6819\nAccountingStorageTRES=cpu,mem\nJobAcctGatherType=jobacct_gather/linux\nJobAcctGatherFrequency=30\n\n# Logging\nSlurmctldLogFile=/var/log/slurm/slurmctld.log\nSlurmdLogFile=/var/log/slurm/slurmd.log\nSlurmctldDebug=info\nSlurmdDebug=info\n\n# Autoscaling (power save)\nResumeProgram=/etc/slurm/resume.sh\nSuspendProgram=/etc/slurm/suspend.sh\nResumeTimeout=300\nSuspendTime=120\nResumeRate=0\nSuspendRate=0\nSlurmctldParameters=cloud_reg_addrs\n\n# Cloud nodes\nNodeName=$CLUSTER_NAME-compute-[0-$LAST_IDX] CPUs=2 RealMemory=900 State=CLOUD Feature=cloud\n\n# Partitions\nPartitionName=main Nodes=$CLUSTER_NAME-compute-[0-$LAST_IDX] Default=YES MaxTime=INFINITE State=UP\nSLURMCONF\n\nchown slurm:slurm /etc/slurm/slurm.conf\nchmod 644 /etc/slurm/slurm.conf\n\n# ── Cluster env file (used by resume/suspend) ─────────────────────────────────\ncat \u003e /etc/slurm/cluster.env \u003c\u003c ENVFILE\nNAMESPACE=$NAMESPACE\nENV=$ENV\nREGION=$REGION\nCLUSTER_NAME=$CLUSTER_NAME\nLT_NAME=$LT_NAME\nENVFILE\n\nchmod 644 /etc/slurm/cluster.env\n\n# ── resume.sh ─────────────────────────────────────────────────────────────────\ncat \u003e /etc/slurm/resume.sh \u003c\u003c 'RESSCRIPT'\n#!/bin/bash\nexport AWS_PAGER=''\nexec \u003e\u003e /var/log/slurm/resume.log 2\u003e\u00261\necho \"[$(date '+%Y-%m-%d %H:%M:%S')] ResumeProgram: $1\"\nsource /etc/slurm/cluster.env\nNODES=$(scontrol show hostnames \"$1\")\nfor NODE in $NODES; do\n  echo \"[$(date '+%Y-%m-%d %H:%M:%S')] Launching: $NODE\"\n  aws ec2 run-instances \\\n    --region \"$REGION\" \\\n    --launch-template \"LaunchTemplateName=$LT_NAME\" \\\n    --count 1 \\\n    --tag-specifications \"ResourceType=instance,Tags=[{Key=Name,Value=$NODE},{Key=SlurmNodeName,Value=$NODE},{Key=Namespace,Value=$NAMESPACE},{Key=Environment,Value=$ENV},{Key=Project,Value=hpc},{Key=ManagedBy,Value=slurm}]\"\n  echo \"[$(date '+%Y-%m-%d %H:%M:%S')] Launched: $NODE\"\ndone\nRESSCRIPT\n\n# ── suspend.sh ────────────────────────────────────────────────────────────────\ncat \u003e /etc/slurm/suspend.sh \u003c\u003c 'SUSSCRIPT'\n#!/bin/bash\nexport AWS_PAGER=''\nexec \u003e\u003e /var/log/slurm/suspend.log 2\u003e\u00261\necho \"[$(date '+%Y-%m-%d %H:%M:%S')] SuspendProgram: $1\"\nsource /etc/slurm/cluster.env\nNODES=$(scontrol show hostnames \"$1\")\nfor NODE in $NODES; do\n  INSTANCE_ID=$(aws ec2 describe-instances \\\n    --region \"$REGION\" \\\n    --filters \"Name=tag:SlurmNodeName,Values=$NODE\" \"Name=instance-state-name,Values=running,pending\" \\\n    --query 'Reservations[0].Instances[0].InstanceId' --output text)\n  if [ \"$INSTANCE_ID\" != \"None\" ] \u0026\u0026 [ -n \"$INSTANCE_ID\" ]; then\n    echo \"[$(date '+%Y-%m-%d %H:%M:%S')] Terminating $INSTANCE_ID for $NODE\"\n    aws ec2 terminate-instances --region \"$REGION\" --instance-ids \"$INSTANCE_ID\"\n  else\n    echo \"[$(date '+%Y-%m-%d %H:%M:%S')] No instance for $NODE\"\n  fi\ndone\nSUSSCRIPT\n\nchmod 755 /etc/slurm/resume.sh /etc/slurm/suspend.sh\nchown slurm:slurm /etc/slurm/resume.sh /etc/slurm/suspend.sh\n\n# ── Start services ────────────────────────────────────────────────────────────\nsystemctl enable munge \u0026\u0026 systemctl start munge\n\nsystemctl enable slurmdbd \u0026\u0026 systemctl start slurmdbd\necho \"Waiting for slurmdbd...\"\nfor i in $(seq 1 30); do\n  systemctl is-active --quiet slurmdbd \u0026\u0026 echo \"slurmdbd ready\" \u0026\u0026 break\n  sleep 3\ndone\n\nsystemctl enable slurmctld \u0026\u0026 systemctl start slurmctld\necho \"Waiting for slurmctld...\"\nfor i in $(seq 1 30); do\n  systemctl is-active --quiet slurmctld \u0026\u0026 echo \"slurmctld ready\" \u0026\u0026 break\n  sleep 3\ndone\n\n# ── Initialize accounting ─────────────────────────────────────────────────────\nsleep 15\nsacctmgr -i add cluster $CLUSTER_NAME 2\u003e/dev/null || true\nsacctmgr -i add account default Description=\"Default\" Organization=\"HPC\" 2\u003e/dev/null || true\nsacctmgr -i add user ec2-user DefaultAccount=default AdminLevel=Admin 2\u003e/dev/null || true\n\necho \"=== Head Node Init Complete: $(date) ===\"\n",
            "user_data_base64": null,
            "user_data_replace_on_change": false,
            "volume_tags": null,
            "vpc_security_group_ids": [
              "sg-082541b5ae951283a"
            ]
          },
          "sensitive_attributes": [
            [
              {
                "type": "get_attr",
                "value": "user_data"
              }
            ]
          ],
          "identity_schema_version": 0,
          "identity": {
            "account_id": "728035103044",
            "id": "i-0ea6d749017e704af",
            "region": "us-east-1"
          },
          "private": "eyJlMmJmYjczMC1lY2FhLTExZTYtOGY4OC0zNDM2M2JjN2M0YzAiOnsiY3JlYXRlIjo2MDAwMDAwMDAwMDAsImRlbGV0ZSI6MTIwMDAwMDAwMDAwMCwicmVhZCI6OTAwMDAwMDAwMDAwLCJ1cGRhdGUiOjYwMDAwMDAwMDAwMH0sInNjaGVtYV92ZXJzaW9uIjoiMiJ9",
          "dependencies": [
            "aws_key_pair.hpc_key",
            "module.head_node.data.aws_ami.amazon_linux2",
            "module.iam.aws_iam_instance_profile.head_node",
            "module.iam.aws_iam_role.head_node",
            "module.network.aws_security_group.hpc_sg",
            "module.network.aws_security_group.login_sg",
            "module.network.aws_subnet.hpc_subnet",
            "module.network.aws_vpc.hpc_vpc",
            "random_password.slurm_db"
          ]
        }
      ]
    },
    {
      "module": "module.iam",
      "mode": "managed",
      "type": "aws_iam_instance_profile",
      "name": "compute_node",
      "provider": "provider[\"registry.terraform.io/hashicorp/aws\"]",
      "instances": [
        {
          "schema_version": 0,
          "attributes": {
            "arn": "arn:aws:iam::728035103044:instance-profile/titan-non-prod-compute-node-profile",
            "create_date": "2026-03-20T15:23:16Z",
            "id": "titan-non-prod-compute-node-profile",
            "name": "titan-non-prod-compute-node-profile",
            "name_prefix": "",
            "path": "/",
            "role": "titan-non-prod-compute-node-role",
            "tags": {
              "Name": "titan-non-prod-compute-node-profile"
            },
            "tags_all": {
              "Environment": "non-prod",
              "ManagedBy": "terraform",
              "Name": "titan-non-prod-compute-node-profile",
              "Namespace": "titan",
              "Project": "hpc"
            },
            "unique_id": "AIPA2TASGCFCIHCY3SVUP"
          },
          "sensitive_attributes": [],
          "identity_schema_version": 0,
          "private": "bnVsbA==",
          "dependencies": [
            "module.iam.aws_iam_role.compute_node"
          ]
        }
      ]
    },
    {
      "module": "module.iam",
      "mode": "managed",
      "type": "aws_iam_instance_profile",
      "name": "head_node",
      "provider": "provider[\"registry.terraform.io/hashicorp/aws\"]",
      "instances": [
        {
          "schema_version": 0,
          "attributes": {
            "arn": "arn:aws:iam::728035103044:instance-profile/titan-non-prod-head-node-profile",
            "create_date": "2026-03-20T15:23:16Z",
            "id": "titan-non-prod-head-node-profile",
            "name": "titan-non-prod-head-node-profile",
            "name_prefix": "",
            "path": "/",
            "role": "titan-non-prod-head-node-role",
            "tags": {
              "Name": "titan-non-prod-head-node-profile"
            },
            "tags_all": {
              "Environment": "non-prod",
              "ManagedBy": "terraform",
              "Name": "titan-non-prod-head-node-profile",
              "Namespace": "titan",
              "Project": "hpc"
            },
            "unique_id": "AIPA2TASGCFCJGMPD5IHT"
          },
          "sensitive_attributes": [],
          "identity_schema_version": 0,
          "private": "bnVsbA==",
          "dependencies": [
            "module.iam.aws_iam_role.head_node"
          ]
        }
      ]
    },
    {
      "module": "module.iam",
      "mode": "managed",
      "type": "aws_iam_instance_profile",
      "name": "login_node",
      "provider": "provider[\"registry.terraform.io/hashicorp/aws\"]",
      "instances": [
        {
          "schema_version": 0,
          "attributes": {
            "arn": "arn:aws:iam::728035103044:instance-profile/titan-non-prod-login-node-profile",
            "create_date": "2026-03-20T15:23:16Z",
            "id": "titan-non-prod-login-node-profile",
            "name": "titan-non-prod-login-node-profile",
            "name_prefix": "",
            "path": "/",
            "role": "titan-non-prod-login-node-role",
            "tags": {
              "Name": "titan-non-prod-login-node-profile"
            },
            "tags_all": {
              "Environment": "non-prod",
              "ManagedBy": "terraform",
              "Name": "titan-non-prod-login-node-profile",
              "Namespace": "titan",
              "Project": "hpc"
            },
            "unique_id": "AIPA2TASGCFCOIANRVOJB"
          },
          "sensitive_attributes": [],
          "identity_schema_version": 0,
          "private": "bnVsbA==",
          "dependencies": [
            "module.iam.aws_iam_role.login_node"
          ]
        }
      ]
    },
    {
      "module": "module.iam",
      "mode": "managed",
      "type": "aws_iam_role",
      "name": "compute_node",
      "provider": "provider[\"registry.terraform.io/hashicorp/aws\"]",
      "instances": [
        {
          "schema_version": 0,
          "attributes": {
            "arn": "arn:aws:iam::728035103044:role/titan-non-prod-compute-node-role",
            "assume_role_policy": "{\"Statement\":[{\"Action\":\"sts:AssumeRole\",\"Effect\":\"Allow\",\"Principal\":{\"Service\":\"ec2.amazonaws.com\"}}],\"Version\":\"2012-10-17\"}",
            "create_date": "2026-03-20T15:23:16Z",
            "description": "",
            "force_detach_policies": false,
            "id": "titan-non-prod-compute-node-role",
            "inline_policy": [
              {
                "name": "titan-non-prod-compute-node-policy",
                "policy": "{\"Version\":\"2012-10-17\",\"Statement\":[{\"Action\":[\"ssm:GetParameter\",\"ssm:GetParameters\"],\"Effect\":\"Allow\",\"Resource\":\"arn:aws:ssm:*:*:parameter/hpc/titan/non-prod/*\",\"Sid\":\"SSMReadOnly\"},{\"Action\":[\"ec2:DescribeTags\"],\"Effect\":\"Allow\",\"Resource\":\"*\",\"Sid\":\"DescribeTags\"}]}"
              }
            ],
            "managed_policy_arns": [],
            "max_session_duration": 3600,
            "name": "titan-non-prod-compute-node-role",
            "name_prefix": "",
            "path": "/",
            "permissions_boundary": "",
            "tags": {
              "Name": "titan-non-prod-compute-node-role"
            },
            "tags_all": {
              "Environment": "non-prod",
              "ManagedBy": "terraform",
              "Name": "titan-non-prod-compute-node-role",
              "Namespace": "titan",
              "Project": "hpc"
            },
            "unique_id": "AROA2TASGCFCFYCN55GDH"
          },
          "sensitive_attributes": [],
          "identity_schema_version": 0,
          "identity": {
            "account_id": "728035103044",
            "name": "titan-non-prod-compute-node-role"
          },
          "private": "bnVsbA=="
        }
      ]
    },
    {
      "module": "module.iam",
      "mode": "managed",
      "type": "aws_iam_role",
      "name": "head_node",
      "provider": "provider[\"registry.terraform.io/hashicorp/aws\"]",
      "instances": [
        {
          "schema_version": 0,
          "attributes": {
            "arn": "arn:aws:iam::728035103044:role/titan-non-prod-head-node-role",
            "assume_role_policy": "{\"Statement\":[{\"Action\":\"sts:AssumeRole\",\"Effect\":\"Allow\",\"Principal\":{\"Service\":\"ec2.amazonaws.com\"}}],\"Version\":\"2012-10-17\"}",
            "create_date": "2026-03-20T15:23:16Z",
            "description": "",
            "force_detach_policies": false,
            "id": "titan-non-prod-head-node-role",
            "inline_policy": [
              {
                "name": "titan-non-prod-head-node-policy",
                "policy": "{\"Version\":\"2012-10-17\",\"Statement\":[{\"Action\":[\"ec2:RunInstances\",\"ec2:TerminateInstances\",\"ec2:DescribeInstances\",\"ec2:DescribeTags\",\"ec2:CreateTags\",\"ec2:DescribeLaunchTemplates\",\"ec2:DescribeLaunchTemplateVersions\",\"ec2:DescribeSubnets\",\"ec2:DescribeSecurityGroups\",\"ec2:DescribeImages\"],\"Effect\":\"Allow\",\"Resource\":\"*\",\"Sid\":\"EC2NodeManagement\"},{\"Action\":[\"autoscaling:SetDesiredCapacity\",\"autoscaling:DescribeAutoScalingGroups\",\"autoscaling:UpdateAutoScalingGroup\"],\"Effect\":\"Allow\",\"Resource\":\"*\",\"Sid\":\"AutoScaling\"},{\"Action\":[\"ssm:PutParameter\",\"ssm:GetParameter\",\"ssm:GetParameters\",\"ssm:DeleteParameter\"],\"Effect\":\"Allow\",\"Resource\":\"arn:aws:ssm:*:*:parameter/hpc/titan/non-prod/*\",\"Sid\":\"SSMParameters\"},{\"Action\":[\"iam:PassRole\"],\"Effect\":\"Allow\",\"Resource\":\"arn:aws:iam::728035103044:role/titan-non-prod-compute-node-role\",\"Sid\":\"PassComputeRole\"}]}"
              }
            ],
            "managed_policy_arns": [],
            "max_session_duration": 3600,
            "name": "titan-non-prod-head-node-role",
            "name_prefix": "",
            "path": "/",
            "permissions_boundary": "",
            "tags": {
              "Name": "titan-non-prod-head-node-role"
            },
            "tags_all": {
              "Environment": "non-prod",
              "ManagedBy": "terraform",
              "Name": "titan-non-prod-head-node-role",
              "Namespace": "titan",
              "Project": "hpc"
            },
            "unique_id": "AROA2TASGCFCAUVXDTIT7"
          },
          "sensitive_attributes": [],
          "identity_schema_version": 0,
          "identity": {
            "account_id": "728035103044",
            "name": "titan-non-prod-head-node-role"
          },
          "private": "bnVsbA=="
        }
      ]
    },
    {
      "module": "module.iam",
      "mode": "managed",
      "type": "aws_iam_role",
      "name": "login_node",
      "provider": "provider[\"registry.terraform.io/hashicorp/aws\"]",
      "instances": [
        {
          "schema_version": 0,
          "attributes": {
            "arn": "arn:aws:iam::728035103044:role/titan-non-prod-login-node-role",
            "assume_role_policy": "{\"Statement\":[{\"Action\":\"sts:AssumeRole\",\"Effect\":\"Allow\",\"Principal\":{\"Service\":\"ec2.amazonaws.com\"}}],\"Version\":\"2012-10-17\"}",
            "create_date": "2026-03-20T15:23:16Z",
            "description": "",
            "force_detach_policies": false,
            "id": "titan-non-prod-login-node-role",
            "inline_policy": [
              {
                "name": "titan-non-prod-login-node-policy",
                "policy": "{\"Version\":\"2012-10-17\",\"Statement\":[{\"Action\":[\"ssm:GetParameter\",\"ssm:GetParameters\"],\"Effect\":\"Allow\",\"Resource\":\"arn:aws:ssm:*:*:parameter/hpc/titan/non-prod/*\",\"Sid\":\"SSMReadOnly\"}]}"
              }
            ],
            "managed_policy_arns": [],
            "max_session_duration": 3600,
            "name": "titan-non-prod-login-node-role",
            "name_prefix": "",
            "path": "/",
            "permissions_boundary": "",
            "tags": {
              "Name": "titan-non-prod-login-node-role"
            },
            "tags_all": {
              "Environment": "non-prod",
              "ManagedBy": "terraform",
              "Name": "titan-non-prod-login-node-role",
              "Namespace": "titan",
              "Project": "hpc"
            },
            "unique_id": "AROA2TASGCFCA7YNNK3NN"
          },
          "sensitive_attributes": [],
          "identity_schema_version": 0,
          "identity": {
            "account_id": "728035103044",
            "name": "titan-non-prod-login-node-role"
          },
          "private": "bnVsbA=="
        }
      ]
    },
    {
      "module": "module.iam",
      "mode": "managed",
      "type": "aws_iam_role_policy",
      "name": "compute_node",
      "provider": "provider[\"registry.terraform.io/hashicorp/aws\"]",
      "instances": [
        {
          "schema_version": 0,
          "attributes": {
            "id": "titan-non-prod-compute-node-role:titan-non-prod-compute-node-policy",
            "name": "titan-non-prod-compute-node-policy",
            "name_prefix": "",
            "policy": "{\"Version\":\"2012-10-17\",\"Statement\":[{\"Action\":[\"ssm:GetParameter\",\"ssm:GetParameters\"],\"Effect\":\"Allow\",\"Resource\":\"arn:aws:ssm:*:*:parameter/hpc/titan/non-prod/*\",\"Sid\":\"SSMReadOnly\"},{\"Action\":[\"ec2:DescribeTags\"],\"Effect\":\"Allow\",\"Resource\":\"*\",\"Sid\":\"DescribeTags\"}]}",
            "role": "titan-non-prod-compute-node-role"
          },
          "sensitive_attributes": [],
          "identity_schema_version": 0,
          "identity": {
            "account_id": "728035103044",
            "name": "titan-non-prod-compute-node-policy",
            "role": "titan-non-prod-compute-node-role"
          },
          "private": "bnVsbA==",
          "dependencies": [
            "module.iam.aws_iam_role.compute_node"
          ]
        }
      ]
    },
    {
      "module": "module.iam",
      "mode": "managed",
      "type": "aws_iam_role_policy",
      "name": "head_node",
      "provider": "provider[\"registry.terraform.io/hashicorp/aws\"]",
      "instances": [
        {
          "schema_version": 0,
          "attributes": {
            "id": "titan-non-prod-head-node-role:titan-non-prod-head-node-policy",
            "name": "titan-non-prod-head-node-policy",
            "name_prefix": "",
            "policy": "{\"Version\":\"2012-10-17\",\"Statement\":[{\"Action\":[\"ec2:RunInstances\",\"ec2:TerminateInstances\",\"ec2:DescribeInstances\",\"ec2:DescribeTags\",\"ec2:CreateTags\",\"ec2:DescribeLaunchTemplates\",\"ec2:DescribeLaunchTemplateVersions\",\"ec2:DescribeSubnets\",\"ec2:DescribeSecurityGroups\",\"ec2:DescribeImages\"],\"Effect\":\"Allow\",\"Resource\":\"*\",\"Sid\":\"EC2NodeManagement\"},{\"Action\":[\"autoscaling:SetDesiredCapacity\",\"autoscaling:DescribeAutoScalingGroups\",\"autoscaling:UpdateAutoScalingGroup\"],\"Effect\":\"Allow\",\"Resource\":\"*\",\"Sid\":\"AutoScaling\"},{\"Action\":[\"ssm:PutParameter\",\"ssm:GetParameter\",\"ssm:GetParameters\",\"ssm:DeleteParameter\"],\"Effect\":\"Allow\",\"Resource\":\"arn:aws:ssm:*:*:parameter/hpc/titan/non-prod/*\",\"Sid\":\"SSMParameters\"},{\"Action\":[\"iam:PassRole\"],\"Effect\":\"Allow\",\"Resource\":\"arn:aws:iam::728035103044:role/titan-non-prod-compute-node-role\",\"Sid\":\"PassComputeRole\"}]}",
            "role": "titan-non-prod-head-node-role"
          },
          "sensitive_attributes": [],
          "identity_schema_version": 0,
          "identity": {
            "account_id": "728035103044",
            "name": "titan-non-prod-head-node-policy",
            "role": "titan-non-prod-head-node-role"
          },
          "private": "bnVsbA==",
          "dependencies": [
            "module.iam.aws_iam_role.compute_node",
            "module.iam.aws_iam_role.head_node"
          ]
        }
      ]
    },
    {
      "module": "module.iam",
      "mode": "managed",
      "type": "aws_iam_role_policy",
      "name": "login_node",
      "provider": "provider[\"registry.terraform.io/hashicorp/aws\"]",
      "instances": [
        {
          "schema_version": 0,
          "attributes": {
            "id": "titan-non-prod-login-node-role:titan-non-prod-login-node-policy",
            "name": "titan-non-prod-login-node-policy",
            "name_prefix": "",
            "policy": "{\"Version\":\"2012-10-17\",\"Statement\":[{\"Action\":[\"ssm:GetParameter\",\"ssm:GetParameters\"],\"Effect\":\"Allow\",\"Resource\":\"arn:aws:ssm:*:*:parameter/hpc/titan/non-prod/*\",\"Sid\":\"SSMReadOnly\"}]}",
            "role": "titan-non-prod-login-node-role"
          },
          "sensitive_attributes": [],
          "identity_schema_version": 0,
          "identity": {
            "account_id": "728035103044",
            "name": "titan-non-prod-login-node-policy",
            "role": "titan-non-prod-login-node-role"
          },
          "private": "bnVsbA==",
          "dependencies": [
            "module.iam.aws_iam_role.login_node"
          ]
        }
      ]
    },
    {
      "module": "module.network",
      "mode": "managed",
      "type": "aws_internet_gateway",
      "name": "hpc_igw",
      "provider": "provider[\"registry.terraform.io/hashicorp/aws\"]",
      "instances": [
        {
          "schema_version": 0,
          "attributes": {
            "arn": "arn:aws:ec2:us-east-1:728035103044:internet-gateway/igw-00a05709a501a2a73",
            "id": "igw-00a05709a501a2a73",
            "owner_id": "728035103044",
            "region": "us-east-1",
            "tags": {
              "Name": "titan-non-prod-igw"
            },
            "tags_all": {
              "Environment": "non-prod",
              "ManagedBy": "terraform",
              "Name": "titan-non-prod-igw",
              "Namespace": "titan",
              "Project": "hpc"
            },
            "timeouts": null,
            "vpc_id": "vpc-0160e280d2dbedd32"
          },
          "sensitive_attributes": [],
          "identity_schema_version": 0,
          "private": "eyJlMmJmYjczMC1lY2FhLTExZTYtOGY4OC0zNDM2M2JjN2M0YzAiOnsiY3JlYXRlIjoxMjAwMDAwMDAwMDAwLCJkZWxldGUiOjEyMDAwMDAwMDAwMDAsInVwZGF0ZSI6MTIwMDAwMDAwMDAwMH19",
          "dependencies": [
            "module.network.aws_vpc.hpc_vpc"
          ]
        }
      ]
    },
    {
      "module": "module.network",
      "mode": "managed",
      "type": "aws_route_table",
      "name": "hpc_rt",
      "provider": "provider[\"registry.terraform.io/hashicorp/aws\"]",
      "instances": [
        {
          "schema_version": 0,
          "attributes": {
            "arn": "arn:aws:ec2:us-east-1:728035103044:route-table/rtb-044b309bad68552b7",
            "id": "rtb-044b309bad68552b7",
            "owner_id": "728035103044",
            "propagating_vgws": [],
            "region": "us-east-1",
            "route": [
              {
                "carrier_gateway_id": "",
                "cidr_block": "0.0.0.0/0",
                "core_network_arn": "",
                "destination_prefix_list_id": "",
                "egress_only_gateway_id": "",
                "gateway_id": "igw-00a05709a501a2a73",
                "ipv6_cidr_block": "",
                "local_gateway_id": "",
                "nat_gateway_id": "",
                "network_interface_id": "",
                "transit_gateway_id": "",
                "vpc_endpoint_id": "",
                "vpc_peering_connection_id": ""
              }
            ],
            "tags": {
              "Name": "titan-non-prod-rt"
            },
            "tags_all": {
              "Environment": "non-prod",
              "ManagedBy": "terraform",
              "Name": "titan-non-prod-rt",
              "Namespace": "titan",
              "Project": "hpc"
            },
            "timeouts": null,
            "vpc_id": "vpc-0160e280d2dbedd32"
          },
          "sensitive_attributes": [],
          "identity_schema_version": 0,
          "identity": {
            "account_id": "728035103044",
            "id": "rtb-044b309bad68552b7",
            "region": "us-east-1"
          },
          "private": "eyJlMmJmYjczMC1lY2FhLTExZTYtOGY4OC0zNDM2M2JjN2M0YzAiOnsiY3JlYXRlIjozMDAwMDAwMDAwMDAsImRlbGV0ZSI6MzAwMDAwMDAwMDAwLCJ1cGRhdGUiOjEyMDAwMDAwMDAwMH19",
          "dependencies": [
            "module.network.aws_internet_gateway.hpc_igw",
            "module.network.aws_vpc.hpc_vpc"
          ]
        }
      ]
    },
    {
      "module": "module.network",
      "mode": "managed",
      "type": "aws_route_table_association",
      "name": "hpc_rta",
      "provider": "provider[\"registry.terraform.io/hashicorp/aws\"]",
      "instances": [
        {
          "schema_version": 0,
          "attributes": {
            "gateway_id": "",
            "id": "rtbassoc-05e62cf9eebf86bd4",
            "region": "us-east-1",
            "route_table_id": "rtb-044b309bad68552b7",
            "subnet_id": "subnet-05fc30c9c3f5fd4a8",
            "timeouts": null
          },
          "sensitive_attributes": [],
          "identity_schema_version": 0,
          "private": "eyJlMmJmYjczMC1lY2FhLTExZTYtOGY4OC0zNDM2M2JjN2M0YzAiOnsiY3JlYXRlIjozMDAwMDAwMDAwMDAsImRlbGV0ZSI6MzAwMDAwMDAwMDAwLCJ1cGRhdGUiOjEyMDAwMDAwMDAwMH19",
          "dependencies": [
            "module.network.aws_internet_gateway.hpc_igw",
            "module.network.aws_route_table.hpc_rt",
            "module.network.aws_subnet.hpc_subnet",
            "module.network.aws_vpc.hpc_vpc"
          ]
        }
      ]
    },
    {
      "module": "module.network",
      "mode": "managed",
      "type": "aws_security_group",
      "name": "hpc_sg",
      "provider": "provider[\"registry.terraform.io/hashicorp/aws\"]",
      "instances": [
        {
          "schema_version": 1,
          "attributes": {
            "arn": "arn:aws:ec2:us-east-1:728035103044:security-group/sg-082541b5ae951283a",
            "description": "Managed by Terraform",
            "egress": [
              {
                "cidr_blocks": [
                  "0.0.0.0/0"
                ],
                "description": "",
                "from_port": 0,
                "ipv6_cidr_blocks": [],
                "prefix_list_ids": [],
                "protocol": "-1",
                "security_groups": [],
                "self": false,
                "to_port": 0
              }
            ],
            "id": "sg-082541b5ae951283a",
            "ingress": [
              {
                "cidr_blocks": [],
                "description": "All from login node",
                "from_port": 0,
                "ipv6_cidr_blocks": [],
                "prefix_list_ids": [],
                "protocol": "-1",
                "security_groups": [
                  "sg-052a758842ef90bd6"
                ],
                "self": false,
                "to_port": 0
              },
              {
                "cidr_blocks": [],
                "description": "Intra-cluster",
                "from_port": 0,
                "ipv6_cidr_blocks": [],
                "prefix_list_ids": [],
                "protocol": "-1",
                "security_groups": [],
                "self": true,
                "to_port": 0
              },
              {
                "cidr_blocks": [],
                "description": "SSH from login node only",
                "from_port": 22,
                "ipv6_cidr_blocks": [],
                "prefix_list_ids": [],
                "protocol": "tcp",
                "security_groups": [
                  "sg-052a758842ef90bd6"
                ],
                "self": false,
                "to_port": 22
              }
            ],
            "name": "terraform-20260320152321524600000003",
            "name_prefix": "terraform-",
            "owner_id": "728035103044",
            "region": "us-east-1",
            "revoke_rules_on_delete": false,
            "tags": {
              "Name": "titan-non-prod-sg"
            },
            "tags_all": {
              "Environment": "non-prod",
              "ManagedBy": "terraform",
              "Name": "titan-non-prod-sg",
              "Namespace": "titan",
              "Project": "hpc"
            },
            "timeouts": null,
            "vpc_id": "vpc-0160e280d2dbedd32"
          },
          "sensitive_attributes": [],
          "identity_schema_version": 0,
          "identity": {
            "account_id": "728035103044",
            "id": "sg-082541b5ae951283a",
            "region": "us-east-1"
          },
          "private": "eyJlMmJmYjczMC1lY2FhLTExZTYtOGY4OC0zNDM2M2JjN2M0YzAiOnsiY3JlYXRlIjo2MDAwMDAwMDAwMDAsImRlbGV0ZSI6OTAwMDAwMDAwMDAwfSwic2NoZW1hX3ZlcnNpb24iOiIxIn0=",
          "dependencies": [
            "module.network.aws_security_group.login_sg",
            "module.network.aws_vpc.hpc_vpc"
          ]
        }
      ]
    },
    {
      "module": "module.network",
      "mode": "managed",
      "type": "aws_security_group",
      "name": "login_sg",
      "provider": "provider[\"registry.terraform.io/hashicorp/aws\"]",
      "instances": [
        {
          "schema_version": 1,
          "attributes": {
            "arn": "arn:aws:ec2:us-east-1:728035103044:security-group/sg-052a758842ef90bd6",
            "description": "Managed by Terraform",
            "egress": [
              {
                "cidr_blocks": [
                  "0.0.0.0/0"
                ],
                "description": "",
                "from_port": 0,
                "ipv6_cidr_blocks": [],
                "prefix_list_ids": [],
                "protocol": "-1",
                "security_groups": [],
                "self": false,
                "to_port": 0
              }
            ],
            "id": "sg-052a758842ef90bd6",
            "ingress": [
              {
                "cidr_blocks": [
                  "72.181.0.35/32"
                ],
                "description": "SSH from operator",
                "from_port": 22,
                "ipv6_cidr_blocks": [],
                "prefix_list_ids": [],
                "protocol": "tcp",
                "security_groups": [],
                "self": false,
                "to_port": 22
              }
            ],
            "name": "terraform-20260320152318358700000001",
            "name_prefix": "terraform-",
            "owner_id": "728035103044",
            "region": "us-east-1",
            "revoke_rules_on_delete": false,
            "tags": {
              "Name": "titan-non-prod-login-sg"
            },
            "tags_all": {
              "Environment": "non-prod",
              "ManagedBy": "terraform",
              "Name": "titan-non-prod-login-sg",
              "Namespace": "titan",
              "Project": "hpc"
            },
            "timeouts": null,
            "vpc_id": "vpc-0160e280d2dbedd32"
          },
          "sensitive_attributes": [],
          "identity_schema_version": 0,
          "identity": {
            "account_id": "728035103044",
            "id": "sg-052a758842ef90bd6",
            "region": "us-east-1"
          },
          "private": "eyJlMmJmYjczMC1lY2FhLTExZTYtOGY4OC0zNDM2M2JjN2M0YzAiOnsiY3JlYXRlIjo2MDAwMDAwMDAwMDAsImRlbGV0ZSI6OTAwMDAwMDAwMDAwfSwic2NoZW1hX3ZlcnNpb24iOiIxIn0=",
          "dependencies": [
            "module.network.aws_vpc.hpc_vpc"
          ]
        }
      ]
    },
    {
      "module": "module.network",
      "mode": "managed",
      "type": "aws_subnet",
      "name": "hpc_subnet",
      "provider": "provider[\"registry.terraform.io/hashicorp/aws\"]",
      "instances": [
        {
          "schema_version": 1,
          "attributes": {
            "arn": "arn:aws:ec2:us-east-1:728035103044:subnet/subnet-05fc30c9c3f5fd4a8",
            "assign_ipv6_address_on_creation": false,
            "availability_zone": "us-east-1a",
            "availability_zone_id": "use1-az1",
            "cidr_block": "10.0.1.0/24",
            "customer_owned_ipv4_pool": "",
            "enable_dns64": false,
            "enable_lni_at_device_index": 0,
            "enable_resource_name_dns_a_record_on_launch": false,
            "enable_resource_name_dns_aaaa_record_on_launch": false,
            "id": "subnet-05fc30c9c3f5fd4a8",
            "ipv4_ipam_pool_id": null,
            "ipv4_netmask_length": null,
            "ipv6_cidr_block": "",
            "ipv6_cidr_block_association_id": "",
            "ipv6_ipam_pool_id": null,
            "ipv6_native": false,
            "ipv6_netmask_length": null,
            "map_customer_owned_ip_on_launch": false,
            "map_public_ip_on_launch": false,
            "outpost_arn": "",
            "owner_id": "728035103044",
            "private_dns_hostname_type_on_launch": "ip-name",
            "region": "us-east-1",
            "tags": {
              "Name": "titan-non-prod-subnet"
            },
            "tags_all": {
              "Environment": "non-prod",
              "ManagedBy": "terraform",
              "Name": "titan-non-prod-subnet",
              "Namespace": "titan",
              "Project": "hpc"
            },
            "timeouts": null,
            "vpc_id": "vpc-0160e280d2dbedd32"
          },
          "sensitive_attributes": [],
          "identity_schema_version": 0,
          "identity": {
            "account_id": "728035103044",
            "id": "subnet-05fc30c9c3f5fd4a8",
            "region": "us-east-1"
          },
          "private": "eyJlMmJmYjczMC1lY2FhLTExZTYtOGY4OC0zNDM2M2JjN2M0YzAiOnsiY3JlYXRlIjo2MDAwMDAwMDAwMDAsImRlbGV0ZSI6MTIwMDAwMDAwMDAwMH0sInNjaGVtYV92ZXJzaW9uIjoiMSJ9",
          "dependencies": [
            "module.network.aws_vpc.hpc_vpc"
          ]
        }
      ]
    },
    {
      "module": "module.network",
      "mode": "managed",
      "type": "aws_vpc",
      "name": "hpc_vpc",
      "provider": "provider[\"registry.terraform.io/hashicorp/aws\"]",
      "instances": [
        {
          "schema_version": 1,
          "attributes": {
            "arn": "arn:aws:ec2:us-east-1:728035103044:vpc/vpc-0160e280d2dbedd32",
            "assign_generated_ipv6_cidr_block": false,
            "cidr_block": "10.0.0.0/16",
            "default_network_acl_id": "acl-0c709d72e5e830123",
            "default_route_table_id": "rtb-06b04a5b98b715b60",
            "default_security_group_id": "sg-04d6a3038b98c54e9",
            "dhcp_options_id": "dopt-0ed0fc05b6c94432a",
            "enable_dns_hostnames": true,
            "enable_dns_support": true,
            "enable_network_address_usage_metrics": false,
            "id": "vpc-0160e280d2dbedd32",
            "instance_tenancy": "default",
            "ipv4_ipam_pool_id": null,
            "ipv4_netmask_length": null,
            "ipv6_association_id": "",
            "ipv6_cidr_block": "",
            "ipv6_cidr_block_network_border_group": "",
            "ipv6_ipam_pool_id": "",
            "ipv6_netmask_length": 0,
            "main_route_table_id": "rtb-06b04a5b98b715b60",
            "owner_id": "728035103044",
            "region": "us-east-1",
            "tags": {
              "Name": "titan-non-prod-vpc"
            },
            "tags_all": {
              "Environment": "non-prod",
              "ManagedBy": "terraform",
              "Name": "titan-non-prod-vpc",
              "Namespace": "titan",
              "Project": "hpc"
            }
          },
          "sensitive_attributes": [],
          "identity_schema_version": 0,
          "identity": {
            "account_id": "728035103044",
            "id": "vpc-0160e280d2dbedd32",
            "region": "us-east-1"
          },
          "private": "eyJzY2hlbWFfdmVyc2lvbiI6IjEifQ=="
        }
      ]
    }
  ],
  "check_results": null
}
